// !$*UTF8*$!
{
	archiveVersion = 1;
	classes = {
	};
	objectVersion = 50;
	objects = {

/* Begin PBXBuildFile section */
		2529308020F6BA2900FE5AB0 /* AppDelegate.swift in Sources */ = {isa = PBXBuildFile; fileRef = 2529307F20F6BA2900FE5AB0 /* AppDelegate.swift */; };
		2529308220F6BA2900FE5AB0 /* ViewController.swift in Sources */ = {isa = PBXBuildFile; fileRef = 2529308120F6BA2900FE5AB0 /* ViewController.swift */; };
		2529308520F6BA2900FE5AB0 /* Main.storyboard in Resources */ = {isa = PBXBuildFile; fileRef = 2529308320F6BA2900FE5AB0 /* Main.storyboard */; };
		2529308720F6BA2B00FE5AB0 /* Assets.xcassets in Resources */ = {isa = PBXBuildFile; fileRef = 2529308620F6BA2B00FE5AB0 /* Assets.xcassets */; };
		2529308A20F6BA2B00FE5AB0 /* LaunchScreen.storyboard in Resources */ = {isa = PBXBuildFile; fileRef = 2529308820F6BA2B00FE5AB0 /* LaunchScreen.storyboard */; };
/* End PBXBuildFile section */

/* Begin PBXFileReference section */
		2529307C20F6BA2900FE5AB0 /* AutoLayout Calulator.app */ = {isa = PBXFileReference; explicitFileType = wrapper.application; includeInIndex = 0; path = "AutoLayout Calulator.app"; sourceTree = BUILT_PRODUCTS_DIR; };
		2529307F20F6BA2900FE5AB0 /* AppDelegate.swift */ = {isa = PBXFileReference; lastKnownFileType = sourcecode.swift; path = AppDelegate.swift; sourceTree = "<group>"; };
		2529308120F6BA2900FE5AB0 /* ViewController.swift */ = {isa = PBXFileReference; lastKnownFileType = sourcecode.swift; path = ViewController.swift; sourceTree = "<group>"; };
		2529308420F6BA2900FE5AB0 /* Base */ = {isa = PBXFileReference; lastKnownFileType = file.storyboard; name = Base; path = Base.lproj/Main.storyboard; sourceTree = "<group>"; };
		2529308620F6BA2B00FE5AB0 /* Assets.xcassets */ = {isa = PBXFileReference; lastKnownFileType = folder.assetcatalog; path = Assets.xcassets; sourceTree = "<group>"; };
		2529308920F6BA2B00FE5AB0 /* Base */ = {isa = PBXFileReference; lastKnownFileType = file.storyboard; name = Base; path = Base.lproj/LaunchScreen.storyboard; sourceTree = "<group>"; };
		2529308B20F6BA2B00FE5AB0 /* Info.plist */ = {isa = PBXFileReference; lastKnownFileType = text.plist.xml; path = Info.plist; sourceTree = "<group>"; };
/* End PBXFileReference section */

/* Begin PBXFrameworksBuildPhase section */
		2529307920F6BA2900FE5AB0 /* Frameworks */ = {
			isa = PBXFrameworksBuildPhase;
			buildActionMask = 2147483647;
			files = (
			);
			runOnlyForDeploymentPostprocessing = 0;
		};
/* End PBXFrameworksBuildPhase section */

/* Begin PBXGroup section */
		2529307320F6BA2900FE5AB0 = {
			isa = PBXGroup;
			children = (
				2529307E20F6BA2900FE5AB0 /* AutoLayout Calulator */,
				2529307D20F6BA2900FE5AB0 /* Products */,
			);
			sourceTree = "<group>";
		};
		2529307D20F6BA2900FE5AB0 /* Products */ = {
			isa = PBXGroup;
			children = (
				2529307C20F6BA2900FE5AB0 /* AutoLayout Calulator.app */,
			);
			name = Products;
			sourceTree = "<group>";
		};
		2529307E20F6BA2900FE5AB0 /* AutoLayout Calulator */ = {
			isa = PBXGroup;
			children = (
				2529307F20F6BA2900FE5AB0 /* AppDelegate.swift */,
				2529308120F6BA2900FE5AB0 /* ViewController.swift */,
				2529308320F6BA2900FE5AB0 /* Main.storyboard */,
				2529308620F6BA2B00FE5AB0 /* Assets.xcassets */,
				2529308820F6BA2B00FE5AB0 /* LaunchScreen.storyboard */,
				2529308B20F6BA2B00FE5AB0 /* Info.plist */,
			);
			path = "AutoLayout Calulator";
			sourceTree = "<group>";
		};
/* End PBXGroup section */

/* Begin PBXNativeTarget section */
		2529307B20F6BA2900FE5AB0 /* AutoLayout Calulator */ = {
			isa = PBXNativeTarget;
			buildConfigurationList = 2529308E20F6BA2B00FE5AB0 /* Build configuration list for PBXNativeTarget "AutoLayout Calulator" */;
			buildPhases = (
				2529307820F6BA2900FE5AB0 /* Sources */,
				2529307920F6BA2900FE5AB0 /* Frameworks */,
				2529307A20F6BA2900FE5AB0 /* Resources */,
			);
			buildRules = (
			);
			dependencies = (
			);
			name = "AutoLayout Calulator";
			productName = "AutoLayout Calulator";
			productReference = 2529307C20F6BA2900FE5AB0 /* AutoLayout Calulator.app */;
			productType = "com.apple.product-type.application";
		};
/* End PBXNativeTarget section */

/* Begin PBXProject section */
		2529307420F6BA2900FE5AB0 /* Project object */ = {
			isa = PBXProject;
			attributes = {
				LastSwiftUpdateCheck = 0940;
				LastUpgradeCheck = 0940;
				ORGANIZATIONNAME = "Devodriq Roberts";
				TargetAttributes = {
					2529307B20F6BA2900FE5AB0 = {
						CreatedOnToolsVersion = 9.4.1;
					};
				};
			};
			buildConfigurationList = 2529307720F6BA2900FE5AB0 /* Build configuration list for PBXProject "AutoLayout Calulator" */;
			compatibilityVersion = "Xcode 9.3";
			developmentRegion = en;
			hasScannedForEncodings = 0;
			knownRegions = (
				en,
				Base,
			);
			mainGroup = 2529307320F6BA2900FE5AB0;
			productRefGroup = 2529307D20F6BA2900FE5AB0 /* Products */;
			projectDirPath = "";
			projectRoot = "";
			targets = (
				2529307B20F6BA2900FE5AB0 /* AutoLayout Calulator */,
			);
		};
/* End PBXProject section */

/* Begin PBXResourcesBuildPhase section */
		2529307A20F6BA2900FE5AB0 /* Resources */ = {
			isa = PBXResourcesBuildPhase;
			buildActionMask = 2147483647;
			files = (
				2529308A20F6BA2B00FE5AB0 /* LaunchScreen.storyboard in Resources */,
				2529308720F6BA2B00FE5AB0 /* Assets.xcassets in Resources */,
				2529308520F6BA2900FE5AB0 /* Main.storyboard in Resources */,
			);
			runOnlyForDeploymentPostprocessing = 0;
		};
/* End PBXResourcesBuildPhase section */

/* Begin PBXSourcesBuildPhase section */
		2529307820F6BA2900FE5AB0 /* Sources */ = {
			isa = PBXSourcesBuildPhase;
			buildActionMask = 2147483647;
			files = (
				2529308220F6BA2900FE5AB0 /* ViewController.swift in Sources */,
				2529308020F6BA2900FE5AB0 /* AppDelegate.swift in Sources */,
			);
			runOnlyForDeploymentPostprocessing = 0;
		};
/* End PBXSourcesBuildPhase section */

/* Begin PBXVariantGroup section */
		2529308320F6BA2900FE5AB0 /* Main.storyboard */ = {
			isa = PBXVariantGroup;
			children = (
				2529308420F6BA2900FE5AB0 /* Base */,
			);
			name = Main.storyboard;
			sourceTree = "<group>";
		};
		2529308820F6BA2B00FE5AB0 /* LaunchScreen.storyboard */ = {
			isa = PBXVariantGroup;
			children = (
				2529308920F6BA2B00FE5AB0 /* Base */,
			);
			name = LaunchScreen.storyboard;
			sourceTree = "<group>";
		};
/* End PBXVariantGroup section */

/* Begin XCBuildConfiguration section */
		2529308C20F6BA2B00FE5AB0 /* Debug */ = {
			isa = XCBuildConfiguration;
			buildSettings = {
				ALWAYS_SEARCH_USER_PATHS = NO;
				CLANG_ANALYZER_NONNULL = YES;
				CLANG_ANALYZER_NUMBER_OBJECT_CONVERSION = YES_AGGRESSIVE;
				CLANG_CXX_LANGUAGE_STANDARD = "gnu++14";
				CLANG_CXX_LIBRARY = "libc++";
				CLANG_ENABLE_MODULES = YES;
				CLANG_ENABLE_OBJC_ARC = YES;
				CLANG_ENABLE_OBJC_WEAK = YES;
				CLANG_WARN_BLOCK_CAPTURE_AUTORELEASING = YES;
				CLANG_WARN_BOOL_CONVERSION = YES;
				CLANG_WARN_COMMA = YES;
				CLANG_WARN_CONSTANT_CONVERSION = YES;
				CLANG_WARN_DEPRECATED_OBJC_IMPLEMENTATIONS = YES;
				CLANG_WARN_DIRECT_OBJC_ISA_USAGE = YES_ERROR;
				CLANG_WARN_DOCUMENTATION_COMMENTS = YES;
				CLANG_WARN_EMPTY_BODY = YES;
				CLANG_WARN_ENUM_CONVERSION = YES;
				CLANG_WARN_INFINITE_RECURSION = YES;
				CLANG_WARN_INT_CONVERSION = YES;
				CLANG_WARN_NON_LITERAL_NULL_CONVERSION = YES;
				CLANG_WARN_OBJC_IMPLICIT_RETAIN_SELF = YES;
				CLANG_WARN_OBJC_LITERAL_CONVERSION = YES;
				CLANG_WARN_OBJC_ROOT_CLASS = YES_ERROR;
				CLANG_WARN_RANGE_LOOP_ANALYSIS = YES;
				CLANG_WARN_STRICT_PROTOTYPES = YES;
				CLANG_WARN_SUSPICIOUS_MOVE = YES;
				CLANG_WARN_UNGUARDED_AVAILABILITY = YES_AGGRESSIVE;
				CLANG_WARN_UNREACHABLE_CODE = YES;
				CLANG_WARN__DUPLICATE_METHOD_MATCH = YES;
				CODE_SIGN_IDENTITY = "iPhone Developer";
				COPY_PHASE_STRIP = NO;
				DEBUG_INFORMATION_FORMAT = dwarf;
				ENABLE_STRICT_OBJC_MSGSEND = YES;
				ENABLE_TESTABILITY = YES;
				GCC_C_LANGUAGE_STANDARD = gnu11;
				GCC_DYNAMIC_NO_PIC = NO;
				GCC_NO_COMMON_BLOCKS = YES;
				GCC_OPTIMIZATION_LEVEL = 0;
				GCC_PREPROCESSOR_DEFINITIONS = (
					"DEBUG=1",
					"$(inherited)",
				);
				GCC_WARN_64_TO_32_BIT_CONVERSION = YES;
				GCC_WARN_ABOUT_RETURN_TYPE = YES_ERROR;
				GCC_WARN_UNDECLARED_SELECTOR = YES;
				GCC_WARN_UNINITIALIZED_AUTOS = YES_AGGRESSIVE;
				GCC_WARN_UNUSED_FUNCTION = YES;
				GCC_WARN_UNUSED_VARIABLE = YES;
				IPHONEOS_DEPLOYMENT_TARGET = 11.4;
				MTL_ENABLE_DEBUG_INFO = YES;
				ONLY_ACTIVE_ARCH = YES;
				SDKROOT = iphoneos;
				SWIFT_ACTIVE_COMPILATION_CONDITIONS = DEBUG;
				SWIFT_OPTIMIZATION_LEVEL = "-Onone";
			};
			name = Debug;
		};
		2529308D20F6BA2B00FE5AB0 /* Release */ = {
			isa = XCBuildConfiguration;
			buildSettings = {
				ALWAYS_SEARCH_USER_PATHS = NO;
				CLANG_ANALYZER_NONNULL = YES;
				CLANG_ANALYZER_NUMBER_OBJECT_CONVERSION = YES_AGGRESSIVE;
				CLANG_CXX_LANGUAGE_STANDARD = "gnu++14";
				CLANG_CXX_LIBRARY = "libc++";
				CLANG_ENABLE_MODULES = YES;
				CLANG_ENABLE_OBJC_ARC = YES;
				CLANG_ENABLE_OBJC_WEAK = YES;
				CLANG_WARN_BLOCK_CAPTURE_AUTORELEASING = YES;
				CLANG_WARN_BOOL_CONVERSION = YES;
				CLANG_WARN_COMMA = YES;
				CLANG_WARN_CONSTANT_CONVERSION = YES;
				CLANG_WARN_DEPRECATED_OBJC_IMPLEMENTATIONS = YES;
				CLANG_WARN_DIRECT_OBJC_ISA_USAGE = YES_ERROR;
				CLANG_WARN_DOCUMENTATION_COMMENTS = YES;
				CLANG_WARN_EMPTY_BODY = YES;
				CLANG_WARN_ENUM_CONVERSION = YES;
				CLANG_WARN_INFINITE_RECURSION = YES;
				CLANG_WARN_INT_CONVERSION = YES;
				CLANG_WARN_NON_LITERAL_NULL_CONVERSION = YES;
				CLANG_WARN_OBJC_IMPLICIT_RETAIN_SELF = YES;
				CLANG_WARN_OBJC_LITERAL_CONVERSION = YES;
				CLANG_WARN_OBJC_ROOT_CLASS = YES_ERROR;
				CLANG_WARN_RANGE_LOOP_ANALYSIS = YES;
				CLANG_WARN_STRICT_PROTOTYPES = YES;
				CLANG_WARN_SUSPICIOUS_MOVE = YES;
				CLANG_WARN_UNGUARDED_AVAILABILITY = YES_AGGRESSIVE;
				CLANG_WARN_UNREACHABLE_CODE = YES;
				CLANG_WARN__DUPLICATE_METHOD_MATCH = YES;
				CODE_SIGN_IDENTITY = "iPhone Developer";
				COPY_PHASE_STRIP = NO;
				DEBUG_INFORMATION_FORMAT = "dwarf-with-dsym";
				ENABLE_NS_ASSERTIONS = NO;
				ENABLE_STRICT_OBJC_MSGSEND = YES;
				GCC_C_LANGUAGE_STANDARD = gnu11;
				GCC_NO_COMMON_BLOCKS = YES;
				GCC_WARN_64_TO_32_BIT_CONVERSION = YES;
				GCC_WARN_ABOUT_RETURN_TYPE = YES_ERROR;
				GCC_WARN_UNDECLARED_SELECTOR = YES;
				GCC_WARN_UNINITIALIZED_AUTOS = YES_AGGRESSIVE;
				GCC_WARN_UNUSED_FUNCTION = YES;
				GCC_WARN_UNUSED_VARIABLE = YES;
				IPHONEOS_DEPLOYMENT_TARGET = 11.4;
				MTL_ENABLE_DEBUG_INFO = NO;
				SDKROOT = iphoneos;
				SWIFT_COMPILATION_MODE = wholemodule;
				SWIFT_OPTIMIZATION_LEVEL = "-O";
				VALIDATE_PRODUCT = YES;
			};
			name = Release;
		};
		2529308F20F6BA2B00FE5AB0 /* Debug */ = {
			isa = XCBuildConfiguration;
			buildSettings = {
				ASSETCATALOG_COMPILER_APPICON_NAME = AppIcon;
				CODE_SIGN_STYLE = Automatic;
				DEVELOPMENT_TEAM = R324JN2J7P;
				INFOPLIST_FILE = "AutoLayout Calulator/Info.plist";
				LD_RUNPATH_SEARCH_PATHS = (
					"$(inherited)",
					"@executable_path/Frameworks",
				);
				PRODUCT_BUNDLE_IDENTIFIER = "com.DevodriqRoberts.AutoLayout-Calulator";
				PRODUCT_NAME = "$(TARGET_NAME)";
				SWIFT_VERSION = 4.0;
				TARGETED_DEVICE_FAMILY = "1,2";
			};
			name = Debug;
		};
		2529309020F6BA2B00FE5AB0 /* Release */ = {
			isa = XCBuildConfiguration;
			buildSettings = {
				ASSETCATALOG_COMPILER_APPICON_NAME = AppIcon;
				CODE_SIGN_STYLE = Automatic;
				DEVELOPMENT_TEAM = R324JN2J7P;
				INFOPLIST_FILE = "AutoLayout Calulator/Info.plist";
				LD_RUNPATH_SEARCH_PATHS = (
					"$(inherited)",
					"@executable_path/Frameworks",
				);
				PRODUCT_BUNDLE_IDENTIFIER = "com.DevodriqRoberts.AutoLayout-Calulator";
				PRODUCT_NAME = "$(TARGET_NAME)";
				SWIFT_VERSION = 4.0;
				TARGETED_DEVICE_FAMILY = "1,2";
			};
			name = Release;
		};
/* End XCBuildConfiguration section */

/* Begin XCConfigurationList section */
		2529307720F6BA2900FE5AB0 /* Build configuration list for PBXProject "AutoLayout Calulator" */ = {
			isa = XCConfigurationList;
			buildConfigurations = (
				2529308C20F6BA2B00FE5AB0 /* Debug */,
				2529308D20F6BA2B00FE5AB0 /* Release */,
			);
			defaultConfigurationIsVisible = 0;
			defaultConfigurationName = Release;
		};
		2529308E20F6BA2B00FE5AB0 /* Build configuration list for PBXNativeTarget "AutoLayout Calulator" */ = {
			isa = XCConfigurationList;
			buildConfigurations = (
				2529308F20F6BA2B00FE5AB0 /* Debug */,
				2529309020F6BA2B00FE5AB0 /* Release */,
			);
			defaultConfigurationIsVisible = 0;
			defaultConfigurationName = Release;
		};
/* End XCConfigurationList section */
	};
	rootObject = 2529307420F6BA2900FE5AB0 /* Project object */;
}
